
Microsoft Visual Studio Solution File, Format Version 12.00
# Visual Studio Version 17
VisualStudioVersion = 17.9.34616.47
MinimumVisualStudioVersion = 10.0.40219.1
Project("{FAE04EC0-301F-11D3-BF4B-00C04F79EFBC}") = "NetflixClone", "NetflixClone\NetflixClone.csproj", "{A9C97B2F-276E-4B34-802D-E405B4A818E3}"
EndProject
Global
	GlobalSection(SolutionConfigurationPlatforms) = preSolution
		Debug|Any CPU = Debug|Any CPU
		Release|Any CPU = Release|Any CPU
	EndGlobalSection
	GlobalSection(ProjectConfigurationPlatforms) = postSolution
		{A9C97B2F-276E-4B34-802D-E405B4A818E3}.Debug|Any CPU.ActiveCfg = Debug|Any CPU
		{A9C97B2F-276E-4B34-802D-E405B4A818E3}.Debug|Any CPU.Build.0 = Debug|Any CPU
		{A9C97B2F-276E-4B34-802D-E405B4A818E3}.Release|Any CPU.ActiveCfg = Release|Any CPU
		{A9C97B2F-276E-4B34-802D-E405B4A818E3}.Release|Any CPU.Build.0 = Release|Any CPU
	EndGlobalSection
	GlobalSection(SolutionProperties) = preSolution
		HideSolutionNode = FALSE
	EndGlobalSection
	GlobalSection(ExtensibilityGlobals) = postSolution
		SolutionGuid = {541127B4-E9C2-4DD2-BFA9-7A6EF3C45F0F}
	EndGlobalSection
EndGlobal
